{
  "name": "snowcord",
  "version": "1.0.0",
  "lockfileVersion": 2,
  "requires": true,
  "packages": {
    "": {
      "name": "snowcord",
      "version": "1.0.0",
      "license": "MIT",
      "dependencies": {
        "magic-snowflakes": "^6.0.1"
      }
    },
    "node_modules/magic-snowflakes": {
      "version": "6.0.1",
      "resolved": "https://registry.npmjs.org/magic-snowflakes/-/magic-snowflakes-6.0.1.tgz",
      "integrity": "sha512-D6asLHNwvrkDtHfYzX/XzKAavw8LW3GiQgVa38id2NsmqXVMMs2VAfzP0TJRDF34YgKDfwRhDsnDLeI4Qdyr1Q==",
      "engines": {
        "node": ">=10"
      }
    }
  },
  "dependencies": {
    "magic-snowflakes": {
      "version": "6.0.1",
      "resolved": "https://registry.npmjs.org/magic-snowflakes/-/magic-snowflakes-6.0.1.tgz",
      "integrity": "sha512-D6asLHNwvrkDtHfYzX/XzKAavw8LW3GiQgVa38id2NsmqXVMMs2VAfzP0TJRDF34YgKDfwRhDsnDLeI4Qdyr1Q=="
    }
  }
}
